
Microsoft Visual Studio Solution File, Format Version 12.00
# Visual Studio Version 16
VisualStudioVersion = 16.0.28803.202
MinimumVisualStudioVersion = 10.0.40219.1
Project("{2150E333-8FDC-42A3-9474-1A3956D46DE8}") = "Applications", "Applications", "{3BCA38ED-1534-4286-B0C5-C868E0985123}"
EndProject
Project("{9A19103F-16F7-4668-BE54-9A1E7A4F7556}") = "Domain", "Domain\Domain.csproj", "{312122F8-1215-4EEB-B4D5-42010A52A043}"
EndProject
Project("{9A19103F-16F7-4668-BE54-9A1E7A4F7556}") = "Application", "Application\Application.csproj", "{9FFD8466-427D-4070-B1F8-9A290D61A3D1}"
EndProject
Project("{9A19103F-16F7-4668-BE54-9A1E7A4F7556}") = "EFDataAccess", "EFDataAccess\EFDataAccess.csproj", "{6DE338B5-863A-4AE7-B7E0-DB48C0C2D0C7}"
EndProject
Project("{9A19103F-16F7-4668-BE54-9A1E7A4F7556}") = "EFCommands", "EFCommands\EFCommands.csproj", "{42A6A65E-40A7-494C-9832-EE2867FC72BD}"
EndProject
Project("{9A19103F-16F7-4668-BE54-9A1E7A4F7556}") = "Api", "Api\Api.csproj", "{FFA43C24-B35B-464C-8175-580FBCA53777}"
EndProject
Project("{FAE04EC0-301F-11D3-BF4B-00C04F79EFBC}") = "WebApp", "WebApp\WebApp.csproj", "{2ABC2E21-A40F-49AC-9F17-B3D4C840C48C}"
EndProject
Global
	GlobalSection(SolutionConfigurationPlatforms) = preSolution
		Debug|Any CPU = Debug|Any CPU
		Release|Any CPU = Release|Any CPU
	EndGlobalSection
	GlobalSection(ProjectConfigurationPlatforms) = postSolution
		{312122F8-1215-4EEB-B4D5-42010A52A043}.Debug|Any CPU.ActiveCfg = Debug|Any CPU
		{312122F8-1215-4EEB-B4D5-42010A52A043}.Debug|Any CPU.Build.0 = Debug|Any CPU
		{312122F8-1215-4EEB-B4D5-42010A52A043}.Release|Any CPU.ActiveCfg = Release|Any CPU
		{312122F8-1215-4EEB-B4D5-42010A52A043}.Release|Any CPU.Build.0 = Release|Any CPU
		{9FFD8466-427D-4070-B1F8-9A290D61A3D1}.Debug|Any CPU.ActiveCfg = Debug|Any CPU
		{9FFD8466-427D-4070-B1F8-9A290D61A3D1}.Debug|Any CPU.Build.0 = Debug|Any CPU
		{9FFD8466-427D-4070-B1F8-9A290D61A3D1}.Release|Any CPU.ActiveCfg = Release|Any CPU
		{9FFD8466-427D-4070-B1F8-9A290D61A3D1}.Release|Any CPU.Build.0 = Release|Any CPU
		{6DE338B5-863A-4AE7-B7E0-DB48C0C2D0C7}.Debug|Any CPU.ActiveCfg = Debug|Any CPU
		{6DE338B5-863A-4AE7-B7E0-DB48C0C2D0C7}.Debug|Any CPU.Build.0 = Debug|Any CPU
		{6DE338B5-863A-4AE7-B7E0-DB48C0C2D0C7}.Release|Any CPU.ActiveCfg = Release|Any CPU
		{6DE338B5-863A-4AE7-B7E0-DB48C0C2D0C7}.Release|Any CPU.Build.0 = Release|Any CPU
		{42A6A65E-40A7-494C-9832-EE2867FC72BD}.Debug|Any CPU.ActiveCfg = Debug|Any CPU
		{42A6A65E-40A7-494C-9832-EE2867FC72BD}.Debug|Any CPU.Build.0 = Debug|Any CPU
		{42A6A65E-40A7-494C-9832-EE2867FC72BD}.Release|Any CPU.ActiveCfg = Release|Any CPU
		{42A6A65E-40A7-494C-9832-EE2867FC72BD}.Release|Any CPU.Build.0 = Release|Any CPU
		{FFA43C24-B35B-464C-8175-580FBCA53777}.Debug|Any CPU.ActiveCfg = Debug|Any CPU
		{FFA43C24-B35B-464C-8175-580FBCA53777}.Debug|Any CPU.Build.0 = Debug|Any CPU
		{FFA43C24-B35B-464C-8175-580FBCA53777}.Release|Any CPU.ActiveCfg = Release|Any CPU
		{FFA43C24-B35B-464C-8175-580FBCA53777}.Release|Any CPU.Build.0 = Release|Any CPU
		{2ABC2E21-A40F-49AC-9F17-B3D4C840C48C}.Debug|Any CPU.ActiveCfg = Debug|Any CPU
		{2ABC2E21-A40F-49AC-9F17-B3D4C840C48C}.Debug|Any CPU.Build.0 = Debug|Any CPU
		{2ABC2E21-A40F-49AC-9F17-B3D4C840C48C}.Release|Any CPU.ActiveCfg = Release|Any CPU
		{2ABC2E21-A40F-49AC-9F17-B3D4C840C48C}.Release|Any CPU.Build.0 = Release|Any CPU
	EndGlobalSection
	GlobalSection(SolutionProperties) = preSolution
		HideSolutionNode = FALSE
	EndGlobalSection
	GlobalSection(NestedProjects) = preSolution
		{FFA43C24-B35B-464C-8175-580FBCA53777} = {3BCA38ED-1534-4286-B0C5-C868E0985123}
		{2ABC2E21-A40F-49AC-9F17-B3D4C840C48C} = {3BCA38ED-1534-4286-B0C5-C868E0985123}
	EndGlobalSection
	GlobalSection(ExtensibilityGlobals) = postSolution
		SolutionGuid = {867FBCCA-F05D-4AF5-B264-AF173D0535C3}
	EndGlobalSection
EndGlobal
